
Microsoft Visual Studio Solution File, Format Version 12.00
# Visual Studio Version 16
VisualStudioVersion = 16.0.29905.134
MinimumVisualStudioVersion = 10.0.40219.1
Project("{FAE04EC0-301F-11D3-BF4B-00C04F79EFBC}") = "BensonCLI", "BensonCLI.csproj", "{012CD9FA-F98C-4F4E-AFF5-099AF6441F9F}"
EndProject
Project("{FAE04EC0-301F-11D3-BF4B-00C04F79EFBC}") = "BensonCLI.Data", "..\BensonCLI.Data\BensonCLI.Data.csproj", "{0CB08CC3-577A-4971-B245-CFDE788EA06C}"
EndProject
Project("{FAE04EC0-301F-11D3-BF4B-00C04F79EFBC}") = "BensonCLI.Plugins", "..\BensonCLI.Plugins\BensonCLI.Plugins.csproj", "{675944BE-D950-4313-BCCE-049EC6482640}"
EndProject
Global
	GlobalSection(SolutionConfigurationPlatforms) = preSolution
		Debug|Any CPU = Debug|Any CPU
		Release|Any CPU = Release|Any CPU
	EndGlobalSection
	GlobalSection(ProjectConfigurationPlatforms) = postSolution
		{012CD9FA-F98C-4F4E-AFF5-099AF6441F9F}.Debug|Any CPU.ActiveCfg = Debug|Any CPU
		{012CD9FA-F98C-4F4E-AFF5-099AF6441F9F}.Debug|Any CPU.Build.0 = Debug|Any CPU
		{012CD9FA-F98C-4F4E-AFF5-099AF6441F9F}.Release|Any CPU.ActiveCfg = Release|Any CPU
		{012CD9FA-F98C-4F4E-AFF5-099AF6441F9F}.Release|Any CPU.Build.0 = Release|Any CPU
		{0CB08CC3-577A-4971-B245-CFDE788EA06C}.Debug|Any CPU.ActiveCfg = Debug|Any CPU
		{0CB08CC3-577A-4971-B245-CFDE788EA06C}.Debug|Any CPU.Build.0 = Debug|Any CPU
		{0CB08CC3-577A-4971-B245-CFDE788EA06C}.Release|Any CPU.ActiveCfg = Release|Any CPU
		{0CB08CC3-577A-4971-B245-CFDE788EA06C}.Release|Any CPU.Build.0 = Release|Any CPU
		{675944BE-D950-4313-BCCE-049EC6482640}.Debug|Any CPU.ActiveCfg = Debug|Any CPU
		{675944BE-D950-4313-BCCE-049EC6482640}.Debug|Any CPU.Build.0 = Debug|Any CPU
		{675944BE-D950-4313-BCCE-049EC6482640}.Release|Any CPU.ActiveCfg = Release|Any CPU
		{675944BE-D950-4313-BCCE-049EC6482640}.Release|Any CPU.Build.0 = Release|Any CPU
	EndGlobalSection
	GlobalSection(SolutionProperties) = preSolution
		HideSolutionNode = FALSE
	EndGlobalSection
	GlobalSection(ExtensibilityGlobals) = postSolution
		SolutionGuid = {B6B6B9E1-1FB0-435F-BD0E-B3B08C4E7F65}
	EndGlobalSection
EndGlobal
